<?xml version="1.0" encoding="utf-8"?>
<Project ToolsVersion="4.0" xmlns="http://schemas.microsoft.com/developer/msbuild/2003">
  <ItemGroup>
    <ClCompile Include="Bet.cpp" />
    <ClCompile Include="BlindBet.cpp" />
    <ClCompile Include="Board.cpp" />
    <ClCompile Include="Card.cpp" />
    <ClCompile Include="Dealer.cpp" />
    <ClCompile Include="Deck.cpp" />
    <ClCompile Include="DoublePair.cpp" />
    <ClCompile Include="Flush.cpp" />
    <ClCompile Include="FourOfAKind.cpp" />
    <ClCompile Include="FullHouse.cpp" />
    <ClCompile Include="GameGraphics.cpp" />
    <ClCompile Include="Hand.cpp" />
    <ClCompile Include="HighCard.cpp" />
    <ClCompile Include="Omaha_Poker.cpp" />
    <ClCompile Include="Pair.cpp" />
    <ClCompile Include="Player.cpp" />
    <ClCompile Include="RoyalFlush.cpp" />
    <ClCompile Include="Straight.cpp" />
    <ClCompile Include="StraightFlush.cpp" />
    <ClCompile Include="ThreeOfAKind.cpp" />
    <ClCompile Include="FileManager.cpp" />
  </ItemGroup>
  <ItemGroup>
    <ClInclude Include="Bet.h" />
    <ClInclude Include="BlindBet.h" />
    <ClInclude Include="Board.h" />
    <ClInclude Include="Card.h" />
    <ClInclude Include="Dealer.h" />
    <ClInclude Include="Deck.h" />
    <ClInclude Include="DoublePair.h" />
    <ClInclude Include="Flush.h" />
    <ClInclude Include="FourOfAKind.h" />
    <ClInclude Include="FullHouse.h" />
    <ClInclude Include="GameGraphics.h" />
    <ClInclude Include="Hand.h" />
    <ClInclude Include="HighCard.h" />
    <ClInclude Include="Pair.h" />
    <ClInclude Include="Player.h" />
    <ClInclude Include="RoyalFlush.h" />
    <ClInclude Include="Straight.h" />
    <ClInclude Include="StraightFlush.h" />
    <ClInclude Include="ThreeOfAKind.h" />
    <ClInclude Include="FileManager.h" />
  </ItemGroup>
</Project>